
Microsoft Visual Studio Solution File, Format Version 12.00
# Visual Studio Version 16
VisualStudioVersion = 16.0.30204.135
MinimumVisualStudioVersion = 10.0.40219.1
Project("{9A19103F-16F7-4668-BE54-9A1E7A4F7556}") = "EasyHealthApi", "EasyHealthApi.csproj", "{DF60D6AC-27A3-4E80-803A-370E6ED1679E}"
EndProject
Global
	GlobalSection(SolutionConfigurationPlatforms) = preSolution
		Debug|Any CPU = Debug|Any CPU
		Release|Any CPU = Release|Any CPU
	EndGlobalSection
	GlobalSection(ProjectConfigurationPlatforms) = postSolution
		{DF60D6AC-27A3-4E80-803A-370E6ED1679E}.Debug|Any CPU.ActiveCfg = Debug|Any CPU
		{DF60D6AC-27A3-4E80-803A-370E6ED1679E}.Debug|Any CPU.Build.0 = Debug|Any CPU
		{DF60D6AC-27A3-4E80-803A-370E6ED1679E}.Release|Any CPU.ActiveCfg = Release|Any CPU
		{DF60D6AC-27A3-4E80-803A-370E6ED1679E}.Release|Any CPU.Build.0 = Release|Any CPU
	EndGlobalSection
	GlobalSection(SolutionProperties) = preSolution
		HideSolutionNode = FALSE
	EndGlobalSection
	GlobalSection(ExtensibilityGlobals) = postSolution
		SolutionGuid = {4A84BAA5-C5F2-4460-8147-4FF057609EF4}
	EndGlobalSection
EndGlobal
